
Microsoft Visual Studio Solution File, Format Version 12.00
# Visual Studio 2012
Project("{FAE04EC0-301F-11D3-BF4B-00C04F79EFBC}") = "Northwind", "Northwind\Northwind.csproj", "{2D06A767-9036-491A-A177-B0E8A047FE0D}"
EndProject
Project("{FAE04EC0-301F-11D3-BF4B-00C04F79EFBC}") = "Northwind.DataLayer", "Northwind.DataLayer\Northwind.DataLayer.csproj", "{D25ED2DC-87E3-4893-93FE-08C1EB5179AB}"
EndProject
Project("{FAE04EC0-301F-11D3-BF4B-00C04F79EFBC}") = "NorthwindService", "NorthwindService\NorthwindService.csproj", "{B0EFC6DB-CF97-4C8C-90FE-7A8300A6374E}"
EndProject
Project("{FAE04EC0-301F-11D3-BF4B-00C04F79EFBC}") = "Northwind.DependencyResolver", "Northwind.DependencyResolver\Northwind.DependencyResolver.csproj", "{E4772881-806E-4E37-B3F0-7B3D36DC518B}"
EndProject
Project("{FAE04EC0-301F-11D3-BF4B-00C04F79EFBC}") = "NorthwindClient", "NorthwindClient\NorthwindClient.csproj", "{2C9F3EF6-6341-4342-BABA-2390D4CB37F5}"
EndProject
Project("{FAE04EC0-301F-11D3-BF4B-00C04F79EFBC}") = "NorthwindInterfaces", "NorthwindInterfaces\NorthwindInterfaces.csproj", "{629826FA-9FCF-4AD9-A8B8-211FF8406EDE}"
EndProject
Project("{FAE04EC0-301F-11D3-BF4B-00C04F79EFBC}") = "Northwind.Test", "test\Northwind.Test\Northwind.Test.csproj", "{8CDE315B-7859-4E5C-86F6-C29E79CFCAE4}"
EndProject
Global
	GlobalSection(SolutionConfigurationPlatforms) = preSolution
		Debug|Any CPU = Debug|Any CPU
		Release|Any CPU = Release|Any CPU
	EndGlobalSection
	GlobalSection(ProjectConfigurationPlatforms) = postSolution
		{2D06A767-9036-491A-A177-B0E8A047FE0D}.Debug|Any CPU.ActiveCfg = Debug|Any CPU
		{2D06A767-9036-491A-A177-B0E8A047FE0D}.Debug|Any CPU.Build.0 = Debug|Any CPU
		{2D06A767-9036-491A-A177-B0E8A047FE0D}.Release|Any CPU.ActiveCfg = Release|Any CPU
		{2D06A767-9036-491A-A177-B0E8A047FE0D}.Release|Any CPU.Build.0 = Release|Any CPU
		{D25ED2DC-87E3-4893-93FE-08C1EB5179AB}.Debug|Any CPU.ActiveCfg = Debug|Any CPU
		{D25ED2DC-87E3-4893-93FE-08C1EB5179AB}.Debug|Any CPU.Build.0 = Debug|Any CPU
		{D25ED2DC-87E3-4893-93FE-08C1EB5179AB}.Release|Any CPU.ActiveCfg = Release|Any CPU
		{D25ED2DC-87E3-4893-93FE-08C1EB5179AB}.Release|Any CPU.Build.0 = Release|Any CPU
		{B0EFC6DB-CF97-4C8C-90FE-7A8300A6374E}.Debug|Any CPU.ActiveCfg = Debug|Any CPU
		{B0EFC6DB-CF97-4C8C-90FE-7A8300A6374E}.Debug|Any CPU.Build.0 = Debug|Any CPU
		{B0EFC6DB-CF97-4C8C-90FE-7A8300A6374E}.Release|Any CPU.ActiveCfg = Release|Any CPU
		{B0EFC6DB-CF97-4C8C-90FE-7A8300A6374E}.Release|Any CPU.Build.0 = Release|Any CPU
		{E4772881-806E-4E37-B3F0-7B3D36DC518B}.Debug|Any CPU.ActiveCfg = Debug|Any CPU
		{E4772881-806E-4E37-B3F0-7B3D36DC518B}.Debug|Any CPU.Build.0 = Debug|Any CPU
		{E4772881-806E-4E37-B3F0-7B3D36DC518B}.Release|Any CPU.ActiveCfg = Release|Any CPU
		{E4772881-806E-4E37-B3F0-7B3D36DC518B}.Release|Any CPU.Build.0 = Release|Any CPU
		{2C9F3EF6-6341-4342-BABA-2390D4CB37F5}.Debug|Any CPU.ActiveCfg = Debug|Any CPU
		{2C9F3EF6-6341-4342-BABA-2390D4CB37F5}.Debug|Any CPU.Build.0 = Debug|Any CPU
		{2C9F3EF6-6341-4342-BABA-2390D4CB37F5}.Release|Any CPU.ActiveCfg = Release|Any CPU
		{2C9F3EF6-6341-4342-BABA-2390D4CB37F5}.Release|Any CPU.Build.0 = Release|Any CPU
		{629826FA-9FCF-4AD9-A8B8-211FF8406EDE}.Debug|Any CPU.ActiveCfg = Debug|Any CPU
		{629826FA-9FCF-4AD9-A8B8-211FF8406EDE}.Debug|Any CPU.Build.0 = Debug|Any CPU
		{629826FA-9FCF-4AD9-A8B8-211FF8406EDE}.Release|Any CPU.ActiveCfg = Release|Any CPU
		{629826FA-9FCF-4AD9-A8B8-211FF8406EDE}.Release|Any CPU.Build.0 = Release|Any CPU
		{8CDE315B-7859-4E5C-86F6-C29E79CFCAE4}.Debug|Any CPU.ActiveCfg = Debug|Any CPU
		{8CDE315B-7859-4E5C-86F6-C29E79CFCAE4}.Debug|Any CPU.Build.0 = Debug|Any CPU
		{8CDE315B-7859-4E5C-86F6-C29E79CFCAE4}.Release|Any CPU.ActiveCfg = Release|Any CPU
		{8CDE315B-7859-4E5C-86F6-C29E79CFCAE4}.Release|Any CPU.Build.0 = Release|Any CPU
	EndGlobalSection
	GlobalSection(SolutionProperties) = preSolution
		HideSolutionNode = FALSE
	EndGlobalSection
EndGlobal
